// !$*UTF8*$!
{
	archiveVersion = 1;
	classes = {
	};
	objectVersion = 46;
	objects = {

/* Begin PBXBuildFile section */
		720E47531251383000BC6A74 /* Plugin.cpp in Sources */ = {isa = PBXBuildFile; fileRef = 720E474F1251383000BC6A74 /* Plugin.cpp */; };
		8BED9B5D4E9AC9E700239362 /* CloudAndWorkshop.cpp in Sources */ = {isa = PBXBuildFile; fileRef = 8BED9B5D2E9AC9E700239362 /* CloudAndWorkshop.cpp */; };
		88804A822E9AC9E700239362 /* Dlc.cpp in Sources */ = {isa = PBXBuildFile; fileRef = 88804A820E9AC9E700239362 /* Dlc.cpp */; };
		8A9603191E9AC9E700239362 /* Leaderboards.cpp in Sources */ = {isa = PBXBuildFile; fileRef = 8A960318FE9AC9E700239362 /* Leaderboards.cpp */; };
		89998A4EAE9AC9E700239362 /* StatsAndAchievements.cpp in Sources */ = {isa = PBXBuildFile; fileRef = 89998A4E8E9AC9E700239362 /* StatsAndAchievements.cpp */; };
		8AFFC3B24E9AC9E700239362 /* SteamController.cpp in Sources */ = {isa = PBXBuildFile; fileRef = 8AFFC3B22E9AC9E700239362 /* SteamController.cpp */; };
		8F8C43705E9AC9E700239362 /* SteamMain.cpp in Sources */ = {isa = PBXBuildFile; fileRef = 8F8C43703E9AC9E700239362 /* SteamMain.cpp */; };
		8B76ABC58E9AC9E700239362 /* Steamworks.cpp in Sources */ = {isa = PBXBuildFile; fileRef = 8B76ABC56E9AC9E700239362 /* Steamworks.cpp */; };
/* End PBXBuildFile section */

/* Begin PBXFileReference section */
		720E474F1251383000BC6A74 /* Plugin.cpp */ = {isa = PBXFileReference; fileEncoding = 4; lastKnownFileType = sourcecode.cpp.cpp; name = Plugin.cpp; path = ../../Sources/Plugin.cpp; sourceTree = SOURCE_ROOT; };
		720E47501251383000BC6A74 /* Plugin.h */ = {isa = PBXFileReference; fileEncoding = 4; lastKnownFileType = sourcecode.c.h; name = Plugin.h; path = ../../Sources/Plugin.h; sourceTree = SOURCE_ROOT; };
		720E478612513AEB00BC6A74 /* S3DXAIPackage.h */ = {isa = PBXFileReference; fileEncoding = 4; lastKnownFileType = sourcecode.c.h; name = S3DXAIPackage.h; path = ../../Sources/S3DX/S3DXAIPackage.h; sourceTree = SOURCE_ROOT; };
		720E478712513AEB00BC6A74 /* S3DXAIEngineAPI.h */ = {isa = PBXFileReference; fileEncoding = 4; lastKnownFileType = sourcecode.c.h; name = S3DXAIEngineAPI.h; path = ../../Sources/S3DX/S3DXAIEngineAPI.h; sourceTree = SOURCE_ROOT; };
		720E478812513AEB00BC6A74 /* S3DXPlatform.h */ = {isa = PBXFileReference; fileEncoding = 4; lastKnownFileType = sourcecode.c.h; name = S3DXPlatform.h; path = ../../Sources/S3DX/S3DXPlatform.h; sourceTree = SOURCE_ROOT; };
		720E478912513AEB00BC6A74 /* S3DXMacros.h */ = {isa = PBXFileReference; fileEncoding = 4; lastKnownFileType = sourcecode.c.h; name = S3DXMacros.h; path = ../../Sources/S3DX/S3DXMacros.h; sourceTree = SOURCE_ROOT; };
		720E478A12513AEB00BC6A74 /* S3DXPlugin.h */ = {isa = PBXFileReference; fileEncoding = 4; lastKnownFileType = sourcecode.c.h; name = S3DXPlugin.h; path = ../../Sources/S3DX/S3DXPlugin.h; sourceTree = SOURCE_ROOT; };
		720E478B12513AEB00BC6A74 /* S3DXAIVariable.h */ = {isa = PBXFileReference; fileEncoding = 4; lastKnownFileType = sourcecode.c.h; name = S3DXAIVariable.h; path = ../../Sources/S3DX/S3DXAIVariable.h; sourceTree = SOURCE_ROOT; };
		720E478C12513AEB00BC6A74 /* S3DXConfig.h */ = {isa = PBXFileReference; fileEncoding = 4; lastKnownFileType = sourcecode.c.h; name = S3DXConfig.h; path = ../../Sources/S3DX/S3DXConfig.h; sourceTree = SOURCE_ROOT; };
		720E478D12513AEB00BC6A74 /* S3DXAIVariables.h */ = {isa = PBXFileReference; fileEncoding = 4; lastKnownFileType = sourcecode.c.h; name = S3DXAIVariables.h; path = ../../Sources/S3DX/S3DXAIVariables.h; sourceTree = SOURCE_ROOT; };
		720E478E12513AEB00BC6A74 /* S3DXAIConstant.h */ = {isa = PBXFileReference; fileEncoding = 4; lastKnownFileType = sourcecode.c.h; name = S3DXAIConstant.h; path = ../../Sources/S3DX/S3DXAIConstant.h; sourceTree = SOURCE_ROOT; };
		720E478F12513AEB00BC6A74 /* S3DXAIModel.h */ = {isa = PBXFileReference; fileEncoding = 4; lastKnownFileType = sourcecode.c.h; name = S3DXAIModel.h; path = ../../Sources/S3DX/S3DXAIModel.h; sourceTree = SOURCE_ROOT; };
		720E479012513AEB00BC6A74 /* S3DXAIFunction.h */ = {isa = PBXFileReference; fileEncoding = 4; lastKnownFileType = sourcecode.c.h; name = S3DXAIFunction.h; path = ../../Sources/S3DX/S3DXAIFunction.h; sourceTree = SOURCE_ROOT; };
		720E479112513AEB00BC6A74 /* S3DXTypes.h */ = {isa = PBXFileReference; fileEncoding = 4; lastKnownFileType = sourcecode.c.h; name = S3DXTypes.h; path = ../../Sources/S3DX/S3DXTypes.h; sourceTree = SOURCE_ROOT; };
		E1D8FD391D103EDF00E0A537 /* PrecompiledHeader.h */ = {isa = PBXFileReference; fileEncoding = 4; lastKnownFileType = sourcecode.c.h; name = PrecompiledHeader.h; path = ../../Sources/Platforms/Mac/PrecompiledHeader.h; sourceTree = "<group>"; };
		8BED9B5D2E9AC9E700239362 /* CloudAndWorkshop.cpp */ = {isa = PBXFileReference; fileEncoding = 4; lastKnownFileType = sourcecode.cpp.cpp; name = CloudAndWorkshop.cpp; path = ../../Sources/CloudAndWorkshop.cpp; sourceTree = SOURCE_ROOT; };
		88D6437E9E9AC9E700239362 /* CloudAndWorkshop.h */ = {isa = PBXFileReference; fileEncoding = 4; lastKnownFileType = sourcecode.c.h; name = CloudAndWorkshop.h; path = ../../Sources/CloudAndWorkshop.h; sourceTree = SOURCE_ROOT; };
		88804A820E9AC9E700239362 /* Dlc.cpp */ = {isa = PBXFileReference; fileEncoding = 4; lastKnownFileType = sourcecode.cpp.cpp; name = Dlc.cpp; path = ../../Sources/Dlc.cpp; sourceTree = SOURCE_ROOT; };
		896EC2B5CE9AC9E700239362 /* Dlc.h */ = {isa = PBXFileReference; fileEncoding = 4; lastKnownFileType = sourcecode.c.h; name = Dlc.h; path = ../../Sources/Dlc.h; sourceTree = SOURCE_ROOT; };
		8A960318FE9AC9E700239362 /* Leaderboards.cpp */ = {isa = PBXFileReference; fileEncoding = 4; lastKnownFileType = sourcecode.cpp.cpp; name = Leaderboards.cpp; path = ../../Sources/Leaderboards.cpp; sourceTree = SOURCE_ROOT; };
		89BE0E8B9E9AC9E700239362 /* Leaderboards.h */ = {isa = PBXFileReference; fileEncoding = 4; lastKnownFileType = sourcecode.c.h; name = Leaderboards.h; path = ../../Sources/Leaderboards.h; sourceTree = SOURCE_ROOT; };
		8BD63ACD3E9AC9E700239362 /* minmax.h */ = {isa = PBXFileReference; fileEncoding = 4; lastKnownFileType = sourcecode.c.h; name = minmax.h; path = ../../Sources/minmax.h; sourceTree = SOURCE_ROOT; };
		8A974EA4CE9AC9E700239362 /* S3DXAudioBackend.h */ = {isa = PBXFileReference; fileEncoding = 4; lastKnownFileType = sourcecode.c.h; name = S3DXAudioBackend.h; path = ../../Sources/S3DX/S3DXAudioBackend.h; sourceTree = SOURCE_ROOT; };
		89998A4E8E9AC9E700239362 /* StatsAndAchievements.cpp */ = {isa = PBXFileReference; fileEncoding = 4; lastKnownFileType = sourcecode.cpp.cpp; name = StatsAndAchievements.cpp; path = ../../Sources/StatsAndAchievements.cpp; sourceTree = SOURCE_ROOT; };
		8B41D2C81E9AC9E700239362 /* StatsAndAchievements.h */ = {isa = PBXFileReference; fileEncoding = 4; lastKnownFileType = sourcecode.c.h; name = StatsAndAchievements.h; path = ../../Sources/StatsAndAchievements.h; sourceTree = SOURCE_ROOT; };
		8AFFC3B22E9AC9E700239362 /* SteamController.cpp */ = {isa = PBXFileReference; fileEncoding = 4; lastKnownFileType = sourcecode.cpp.cpp; name = SteamController.cpp; path = ../../Sources/SteamController.cpp; sourceTree = SOURCE_ROOT; };
		8BC6B6A1AE9AC9E700239362 /* SteamController.h */ = {isa = PBXFileReference; fileEncoding = 4; lastKnownFileType = sourcecode.c.h; name = SteamController.h; path = ../../Sources/SteamController.h; sourceTree = SOURCE_ROOT; };
		8F8C43703E9AC9E700239362 /* SteamMain.cpp */ = {isa = PBXFileReference; fileEncoding = 4; lastKnownFileType = sourcecode.cpp.cpp; name = SteamMain.cpp; path = ../../Sources/SteamMain.cpp; sourceTree = SOURCE_ROOT; };
		8A01E226AE9AC9E700239362 /* SteamMain.h */ = {isa = PBXFileReference; fileEncoding = 4; lastKnownFileType = sourcecode.c.h; name = SteamMain.h; path = ../../Sources/SteamMain.h; sourceTree = SOURCE_ROOT; };
		8B76ABC56E9AC9E700239362 /* Steamworks.cpp */ = {isa = PBXFileReference; fileEncoding = 4; lastKnownFileType = sourcecode.cpp.cpp; name = Steamworks.cpp; path = ../../Sources/Steamworks.cpp; sourceTree = SOURCE_ROOT; };
		8E89C282EE9AC9E700239362 /* Steamworks.h */ = {isa = PBXFileReference; fileEncoding = 4; lastKnownFileType = sourcecode.c.h; name = Steamworks.h; path = ../../Sources/Steamworks.h; sourceTree = SOURCE_ROOT; };
/* End PBXFileReference section */

/* Begin PBXFrameworksBuildPhase section */
		D2AAC09B05546B4700DB518D /* Frameworks */ = {
			isa = PBXFrameworksBuildPhase;
			buildActionMask = 2147483647;
			files = (
			);
			runOnlyForDeploymentPostprocessing = 0;
		};
/* End PBXFrameworksBuildPhase section */

/* Begin PBXGroup section */
		034768DDFF38A45A11DB9C8B /* Products */ = {
			isa = PBXGroup;
			children = (
				D2AAC09D05546B4700DB518D /* Steamworks.dylib */,
			);
			name = Products;
			sourceTree = "<group>";
		};
		0867D691FE84028FC02AAC07 /* Steamworks */ = {
			isa = PBXGroup;
			children = (
				08FB77ACFE841707C02AAC07 /* Sources */,
				0867D69AFE84028FC02AAC07 /* Frameworks */,
				034768DDFF38A45A11DB9C8B /* Products */,
			);
			name = Steamworks;
			sourceTree = "<group>";
		};
		0867D69AFE84028FC02AAC07 /* Frameworks */ = {
			isa = PBXGroup;
			children = (
			);
			name = Frameworks;
			sourceTree = "<group>";
		};
		08FB77ACFE841707C02AAC07 /* Sources */ = {
			isa = PBXGroup;
			children = (
				E1D8FD371D103EA100E0A537 /* Platforms */,
				720E478512513ACE00BC6A74 /* S3DX */,
				720E47501251383000BC6A74 /* Plugin.h */,
				720E474F1251383000BC6A74 /* Plugin.cpp */,
				8BED9B5D2E9AC9E700239362 /* CloudAndWorkshop.cpp */,
				88D6437E9E9AC9E700239362 /* CloudAndWorkshop.h */,
				88804A820E9AC9E700239362 /* Dlc.cpp */,
				896EC2B5CE9AC9E700239362 /* Dlc.h */,
				8A960318FE9AC9E700239362 /* Leaderboards.cpp */,
				89BE0E8B9E9AC9E700239362 /* Leaderboards.h */,
				8BD63ACD3E9AC9E700239362 /* minmax.h */,
				89998A4E8E9AC9E700239362 /* StatsAndAchievements.cpp */,
				8B41D2C81E9AC9E700239362 /* StatsAndAchievements.h */,
				8AFFC3B22E9AC9E700239362 /* SteamController.cpp */,
				8BC6B6A1AE9AC9E700239362 /* SteamController.h */,
				8F8C43703E9AC9E700239362 /* SteamMain.cpp */,
				8A01E226AE9AC9E700239362 /* SteamMain.h */,
				8B76ABC56E9AC9E700239362 /* Steamworks.cpp */,
				8E89C282EE9AC9E700239362 /* Steamworks.h */,
			);
			name = Sources;
			sourceTree = "<group>";
		};
		720E478512513ACE00BC6A74 /* S3DX */ = {
			isa = PBXGroup;
			children = (
				720E478612513AEB00BC6A74 /* S3DXAIPackage.h */,
				720E478712513AEB00BC6A74 /* S3DXAIEngineAPI.h */,
				720E478812513AEB00BC6A74 /* S3DXPlatform.h */,
				720E478912513AEB00BC6A74 /* S3DXMacros.h */,
				720E478A12513AEB00BC6A74 /* S3DXPlugin.h */,
				720E478B12513AEB00BC6A74 /* S3DXAIVariable.h */,
				720E478C12513AEB00BC6A74 /* S3DXConfig.h */,
				720E478D12513AEB00BC6A74 /* S3DXAIVariables.h */,
				720E478E12513AEB00BC6A74 /* S3DXAIConstant.h */,
				720E478F12513AEB00BC6A74 /* S3DXAIModel.h */,
				720E479012513AEB00BC6A74 /* S3DXAIFunction.h */,
				720E479112513AEB00BC6A74 /* S3DXTypes.h */,
				8A974EA4CE9AC9E700239362 /* S3DXAudioBackend.h */,
			);
			name = S3DX;
			sourceTree = "<group>";
		};
		E1D8FD371D103EA100E0A537 /* Platforms */ = {
			isa = PBXGroup;
			children = (
				E1D8FD381D103ECD00E0A537 /* Mac */,
			);
			name = Platforms;
			sourceTree = "<group>";
		};
		E1D8FD381D103ECD00E0A537 /* Mac */ = {
			isa = PBXGroup;
			children = (
				E1D8FD391D103EDF00E0A537 /* PrecompiledHeader.h */,
			);
			name = Mac;
			sourceTree = "<group>";
		};
/* End PBXGroup section */

/* Begin PBXNativeTarget section */
		D2AAC09C05546B4700DB518D /* Steamworks */ = {
			isa = PBXNativeTarget;
			buildConfigurationList = 1DEB916008733D950010E9CD /* Build configuration list for PBXNativeTarget "Steamworks" */;
			buildPhases = (
				D2AAC09B05546B4700DB518D /* Frameworks */,
				D2AAC09A05546B4700DB518D /* Sources */,
				E182AEA61D2A67E800B7C114 /* ShellScript */,
			);
			buildRules = (
			);
			dependencies = (
			);
			name = Steamworks;
			productName = libSteamworks;
			productReference = D2AAC09D05546B4700DB518D /* Steamworks.dylib */;
			productType = "com.apple.product-type.library.dynamic";
		};
/* End PBXNativeTarget section */

/* Begin PBXProject section */
		0867D690FE84028FC02AAC07 /* Project object */ = {
			isa = PBXProject;
			attributes = {
				LastUpgradeCheck = 0730;
			};
			buildConfigurationList = 1DEB916408733D950010E9CD /* Build configuration list for PBXProject "Steamworks" */;
			compatibilityVersion = "Xcode 3.2";
			developmentRegion = English;
			hasScannedForEncodings = 1;
			knownRegions = (
				English,
				Japanese,
				French,
				German,
			);
			mainGroup = 0867D691FE84028FC02AAC07 /* Steamworks */;
			productRefGroup = 034768DDFF38A45A11DB9C8B /* Products */;
			projectDirPath = "";
			projectRoot = "";
			targets = (
				D2AAC09C05546B4700DB518D /* Steamworks */,
			);
		};
/* End PBXProject section */

/* Begin PBXShellScriptBuildPhase section */
		E182AEA61D2A67E800B7C114 /* ShellScript */ = {
			isa = PBXShellScriptBuildPhase;
			buildActionMask = 2147483647;
			files = (
			);
			inputPaths = (
			);
			outputPaths = (
			);
			runOnlyForDeploymentPostprocessing = 0;
			shellPath = /bin/sh;
			shellScript = "cp -R ../../Frameworks/Mac/bin/. ../../Contents/Mac/";
		};
/* End PBXShellScriptBuildPhase section */

/* Begin PBXSourcesBuildPhase section */
		D2AAC09A05546B4700DB518D /* Sources */ = {
			isa = PBXSourcesBuildPhase;
			buildActionMask = 2147483647;
			files = (
				720E47531251383000BC6A74 /* Plugin.cpp in Sources */,
				8BED9B5D4E9AC9E700239362 /* CloudAndWorkshop.cpp in Sources */,
				88804A822E9AC9E700239362 /* Dlc.cpp in Sources */,
				8A9603191E9AC9E700239362 /* Leaderboards.cpp in Sources */,
				89998A4EAE9AC9E700239362 /* StatsAndAchievements.cpp in Sources */,
				8AFFC3B24E9AC9E700239362 /* SteamController.cpp in Sources */,
				8F8C43705E9AC9E700239362 /* SteamMain.cpp in Sources */,
				8B76ABC58E9AC9E700239362 /* Steamworks.cpp in Sources */,
			);
			runOnlyForDeploymentPostprocessing = 0;
		};
/* End PBXSourcesBuildPhase section */

/* Begin XCBuildConfiguration section */
		1DEB916108733D950010E9CD /* Debug */ = {
			isa = XCBuildConfiguration;
			buildSettings = {
				ALWAYS_SEARCH_USER_PATHS = NO;
				ARCHS = "$(ARCHS_STANDARD_32_64_BIT)";
				COMBINE_HIDPI_IMAGES = YES;
				COPY_PHASE_STRIP = NO;
				GCC_DYNAMIC_NO_PIC = NO;
				GCC_MODEL_TUNING = G5;
				GCC_OPTIMIZATION_LEVEL = 0;
				GCC_PRECOMPILE_PREFIX_HEADER = YES;
				GCC_PREFIX_HEADER = ../../Sources/Platforms/Mac/PrecompiledHeader.h;
				OBJROOT = ../../Temp/Mac/;
				OTHER_CFLAGS = (
				);
				OTHER_CPLUSPLUSFLAGS = "$(OTHER_CFLAGS)";
				OTHER_LDFLAGS = (
				);
				PRODUCT_NAME = Steamworks;
				USER_HEADER_SEARCH_PATHSUSER_HEADER_SEARCH_PATHS = ../../Sources/;
			};
			name = Debug;
		};
		1DEB916208733D950010E9CD /* Release */ = {
			isa = XCBuildConfiguration;
			buildSettings = {
				ALWAYS_SEARCH_USER_PATHS = NO;
				ARCHS = "$(ARCHS_STANDARD_32_64_BIT)";
				COMBINE_HIDPI_IMAGES = YES;
				GCC_MODEL_TUNING = G5;
				GCC_PRECOMPILE_PREFIX_HEADER = YES;
				GCC_PREFIX_HEADER = ../../Sources/Platforms/Mac/PrecompiledHeader.h;
				OBJROOT = ../../Temp/Mac/;
				OTHER_CFLAGS = (
				);
				OTHER_CPLUSPLUSFLAGS = "$(OTHER_CFLAGS)";
				OTHER_LDFLAGS = (
				);
				PRODUCT_NAME = Steamworks;
				STRIP_INSTALLED_PRODUCT = YES;
				STRIP_STYLE = "non-global";
				USER_HEADER_SEARCH_PATHS = ../../Sources/;
			};
			name = Release;
		};
		1DEB916508733D950010E9CD /* Debug */ = {
			isa = XCBuildConfiguration;
			buildSettings = {
				CONFIGURATION_BUILD_DIR = ../../Contents/Mac/;
				ENABLE_TESTABILITY = YES;
				GCC_C_LANGUAGE_STANDARD = c99;
				GCC_OPTIMIZATION_LEVEL = 0;
				GCC_PREPROCESSOR_DEFINITIONS = (
					S3DX_DLL,
					__MAC__,
				);
				LIBRARY_SEARCH_PATHS = (
					../../Frameworks/Mac/lib,
				);
				GCC_WARN_ABOUT_RETURN_TYPE = YES;
				GCC_WARN_UNUSED_VARIABLE = YES;
				MACOSX_DEPLOYMENT_TARGET = 10.3;
				ONLY_ACTIVE_ARCH = NO;
				SDKROOT = macosx;
				SYMROOT = ../../Temp/Mac;
				USER_HEADER_SEARCH_PATHS = (
					../../Sources/,
					../../Frameworks/include/,
				);
				VALID_ARCHS = "i386 ppc x86_64";
			};
			name = Debug;
		};
		1DEB916608733D950010E9CD /* Release */ = {
			isa = XCBuildConfiguration;
			buildSettings = {
				CONFIGURATION_BUILD_DIR = ../../Contents/Mac/;
				GCC_C_LANGUAGE_STANDARD = c99;
				GCC_GENERATE_DEBUGGING_SYMBOLS = NO;
				GCC_PREPROCESSOR_DEFINITIONS = (
					S3DX_DLL,
					__MAC__,
				);
				LIBRARY_SEARCH_PATHS = (
					../../Frameworks/Mac/lib,
				);				
				GCC_WARN_ABOUT_RETURN_TYPE = YES;
				GCC_WARN_UNUSED_VARIABLE = YES;
				MACOSX_DEPLOYMENT_TARGET = 10.3;
				ONLY_ACTIVE_ARCH = NO;
				SDKROOT = macosx;
				SYMROOT = ../../Temp/Mac;
				USER_HEADER_SEARCH_PATHS = (
					../../Sources/,
					../../Frameworks/include/,
				);
				VALID_ARCHS = "i386 ppc x86_64";
			};
			name = Release;
		};
/* End XCBuildConfiguration section */

/* Begin XCConfigurationList section */
		1DEB916008733D950010E9CD /* Build configuration list for PBXNativeTarget "Steamworks" */ = {
			isa = XCConfigurationList;
			buildConfigurations = (
				1DEB916108733D950010E9CD /* Debug */,
				1DEB916208733D950010E9CD /* Release */,
			);
			defaultConfigurationIsVisible = 0;
			defaultConfigurationName = Release;
		};
		1DEB916408733D950010E9CD /* Build configuration list for PBXProject "Steamworks" */ = {
			isa = XCConfigurationList;
			buildConfigurations = (
				1DEB916508733D950010E9CD /* Debug */,
				1DEB916608733D950010E9CD /* Release */,
			);
			defaultConfigurationIsVisible = 0;
			defaultConfigurationName = Release;
		};
/* End XCConfigurationList section */
	};
	rootObject = 0867D690FE84028FC02AAC07 /* Project object */;
}
